
Microsoft Visual Studio Solution File, Format Version 12.00
Project("{FAE04EC0-301F-11D3-BF4B-00C04F79EFBC}") = "SolarLab.EBoard.Identity.Domain", "SolarLab.EBoard.Identity.Domain\SolarLab.EBoard.Identity.Domain.csproj", "{37033D2B-A6A2-4AB0-905F-8DB718D947CD}"
EndProject
Project("{FAE04EC0-301F-11D3-BF4B-00C04F79EFBC}") = "SolarLab.EBoard.Identity.Application", "SolarLab.EBoard.Identity.Application\SolarLab.EBoard.Identity.Application.csproj", "{BA4D6E2D-7CAA-4335-87DD-9B17915E4AAC}"
EndProject
Project("{FAE04EC0-301F-11D3-BF4B-00C04F79EFBC}") = "SolarLab.EBoard.Identity.Infrastructure", "SolarLab.EBoard.Identity.Infrastructure\SolarLab.EBoard.Identity.Infrastructure.csproj", "{E8E7E1C1-DC83-454C-A3B2-C3615C8F6A79}"
EndProject
Project("{2150E333-8FDC-42A3-9474-1A3956D46DE8}") = "src", "src", "{000BB957-D153-49B5-B4E5-5856CE0B4E24}"
EndProject
Project("{FAE04EC0-301F-11D3-BF4B-00C04F79EFBC}") = "SolarLab.EBoard.Identity.WebApi", "SolarLab.EBoard.Identity.WebApi\SolarLab.EBoard.Identity.WebApi.csproj", "{D7FDA150-B513-4235-BF69-B1AFF9D0946D}"
EndProject
Project("{2150E333-8FDC-42A3-9474-1A3956D46DE8}") = "tests", "tests", "{20DF0E72-6B92-4777-8C03-B51135C39C48}"
EndProject
Project("{FAE04EC0-301F-11D3-BF4B-00C04F79EFBC}") = "SolarLab.EBoard.Identity.UnitTests", "SolarLab.EBoard.Identity.UnitTests\SolarLab.EBoard.Identity.UnitTests.csproj", "{D05A5A7A-7024-48D3-BBC2-E4915EFDB168}"
EndProject
Project("{FAE04EC0-301F-11D3-BF4B-00C04F79EFBC}") = "SolarLab.EBoard.Identity.IntegrationTests", "SolarLab.EBoard.Identity.IntegrationTests\SolarLab.EBoard.Identity.IntegrationTests.csproj", "{3573D170-68FA-4966-AC50-561AAAAD79A3}"
EndProject
Global
	GlobalSection(SolutionConfigurationPlatforms) = preSolution
		Debug|Any CPU = Debug|Any CPU
		Release|Any CPU = Release|Any CPU
	EndGlobalSection
	GlobalSection(ProjectConfigurationPlatforms) = postSolution
		{37033D2B-A6A2-4AB0-905F-8DB718D947CD}.Debug|Any CPU.ActiveCfg = Debug|Any CPU
		{37033D2B-A6A2-4AB0-905F-8DB718D947CD}.Debug|Any CPU.Build.0 = Debug|Any CPU
		{37033D2B-A6A2-4AB0-905F-8DB718D947CD}.Release|Any CPU.ActiveCfg = Release|Any CPU
		{37033D2B-A6A2-4AB0-905F-8DB718D947CD}.Release|Any CPU.Build.0 = Release|Any CPU
		{BA4D6E2D-7CAA-4335-87DD-9B17915E4AAC}.Debug|Any CPU.ActiveCfg = Debug|Any CPU
		{BA4D6E2D-7CAA-4335-87DD-9B17915E4AAC}.Debug|Any CPU.Build.0 = Debug|Any CPU
		{BA4D6E2D-7CAA-4335-87DD-9B17915E4AAC}.Release|Any CPU.ActiveCfg = Release|Any CPU
		{BA4D6E2D-7CAA-4335-87DD-9B17915E4AAC}.Release|Any CPU.Build.0 = Release|Any CPU
		{E8E7E1C1-DC83-454C-A3B2-C3615C8F6A79}.Debug|Any CPU.ActiveCfg = Debug|Any CPU
		{E8E7E1C1-DC83-454C-A3B2-C3615C8F6A79}.Debug|Any CPU.Build.0 = Debug|Any CPU
		{E8E7E1C1-DC83-454C-A3B2-C3615C8F6A79}.Release|Any CPU.ActiveCfg = Release|Any CPU
		{E8E7E1C1-DC83-454C-A3B2-C3615C8F6A79}.Release|Any CPU.Build.0 = Release|Any CPU
		{D7FDA150-B513-4235-BF69-B1AFF9D0946D}.Debug|Any CPU.ActiveCfg = Debug|Any CPU
		{D7FDA150-B513-4235-BF69-B1AFF9D0946D}.Debug|Any CPU.Build.0 = Debug|Any CPU
		{D7FDA150-B513-4235-BF69-B1AFF9D0946D}.Release|Any CPU.ActiveCfg = Release|Any CPU
		{D7FDA150-B513-4235-BF69-B1AFF9D0946D}.Release|Any CPU.Build.0 = Release|Any CPU
		{D05A5A7A-7024-48D3-BBC2-E4915EFDB168}.Debug|Any CPU.ActiveCfg = Debug|Any CPU
		{D05A5A7A-7024-48D3-BBC2-E4915EFDB168}.Debug|Any CPU.Build.0 = Debug|Any CPU
		{D05A5A7A-7024-48D3-BBC2-E4915EFDB168}.Release|Any CPU.ActiveCfg = Release|Any CPU
		{D05A5A7A-7024-48D3-BBC2-E4915EFDB168}.Release|Any CPU.Build.0 = Release|Any CPU
		{3573D170-68FA-4966-AC50-561AAAAD79A3}.Debug|Any CPU.ActiveCfg = Debug|Any CPU
		{3573D170-68FA-4966-AC50-561AAAAD79A3}.Debug|Any CPU.Build.0 = Debug|Any CPU
		{3573D170-68FA-4966-AC50-561AAAAD79A3}.Release|Any CPU.ActiveCfg = Release|Any CPU
		{3573D170-68FA-4966-AC50-561AAAAD79A3}.Release|Any CPU.Build.0 = Release|Any CPU
	EndGlobalSection
	GlobalSection(NestedProjects) = preSolution
		{BA4D6E2D-7CAA-4335-87DD-9B17915E4AAC} = {000BB957-D153-49B5-B4E5-5856CE0B4E24}
		{37033D2B-A6A2-4AB0-905F-8DB718D947CD} = {000BB957-D153-49B5-B4E5-5856CE0B4E24}
		{E8E7E1C1-DC83-454C-A3B2-C3615C8F6A79} = {000BB957-D153-49B5-B4E5-5856CE0B4E24}
		{D7FDA150-B513-4235-BF69-B1AFF9D0946D} = {000BB957-D153-49B5-B4E5-5856CE0B4E24}
		{D05A5A7A-7024-48D3-BBC2-E4915EFDB168} = {20DF0E72-6B92-4777-8C03-B51135C39C48}
		{3573D170-68FA-4966-AC50-561AAAAD79A3} = {20DF0E72-6B92-4777-8C03-B51135C39C48}
	EndGlobalSection
EndGlobal
